// !$*UTF8*$!
{
	archiveVersion = 1;
	classes = {
	};
	objectVersion = 55;
	objects = {

/* Begin PBXBuildFile section */
		5AF4FA9D293CA4180056EB7E /* grpc_mock_ios_applicationApp.swift in Sources */ = {isa = PBXBuildFile; fileRef = 5AF4FA9C293CA4180056EB7E /* grpc_mock_ios_applicationApp.swift */; };
		5AF4FA9F293CA4180056EB7E /* ContentView.swift in Sources */ = {isa = PBXBuildFile; fileRef = 5AF4FA9E293CA4180056EB7E /* ContentView.swift */; };
		5AF4FAA1293CA41A0056EB7E /* Assets.xcassets in Resources */ = {isa = PBXBuildFile; fileRef = 5AF4FAA0293CA41A0056EB7E /* Assets.xcassets */; };
		5AF4FAA4293CA41A0056EB7E /* Preview Assets.xcassets in Resources */ = {isa = PBXBuildFile; fileRef = 5AF4FAA3293CA41A0056EB7E /* Preview Assets.xcassets */; };
		5AF4FAA6293CA41A0056EB7E /* Persistence.swift in Sources */ = {isa = PBXBuildFile; fileRef = 5AF4FAA5293CA41A0056EB7E /* Persistence.swift */; };
		5AF4FAA9293CA41A0056EB7E /* grpc_mock_ios_application.xcdatamodeld in Sources */ = {isa = PBXBuildFile; fileRef = 5AF4FAA7293CA41A0056EB7E /* grpc_mock_ios_application.xcdatamodeld */; };
		5AF4FAB3293CA41B0056EB7E /* grpc_mock_ios_applicationTests.swift in Sources */ = {isa = PBXBuildFile; fileRef = 5AF4FAB2293CA41B0056EB7E /* grpc_mock_ios_applicationTests.swift */; };
		5AF4FABD293CA41B0056EB7E /* grpc_mock_ios_applicationUITests.swift in Sources */ = {isa = PBXBuildFile; fileRef = 5AF4FABC293CA41B0056EB7E /* grpc_mock_ios_applicationUITests.swift */; };
		5AF4FABF293CA41B0056EB7E /* grpc_mock_ios_applicationUITestsLaunchTests.swift in Sources */ = {isa = PBXBuildFile; fileRef = 5AF4FABE293CA41B0056EB7E /* grpc_mock_ios_applicationUITestsLaunchTests.swift */; };
/* End PBXBuildFile section */

/* Begin PBXContainerItemProxy section */
		5AF4FAAF293CA41B0056EB7E /* PBXContainerItemProxy */ = {
			isa = PBXContainerItemProxy;
			containerPortal = 5AF4FA91293CA4180056EB7E /* Project object */;
			proxyType = 1;
			remoteGlobalIDString = 5AF4FA98293CA4180056EB7E;
			remoteInfo = "grpc-mock-ios-application";
		};
		5AF4FAB9293CA41B0056EB7E /* PBXContainerItemProxy */ = {
			isa = PBXContainerItemProxy;
			containerPortal = 5AF4FA91293CA4180056EB7E /* Project object */;
			proxyType = 1;
			remoteGlobalIDString = 5AF4FA98293CA4180056EB7E;
			remoteInfo = "grpc-mock-ios-application";
		};
/* End PBXContainerItemProxy section */

/* Begin PBXFileReference section */
		5AF4FA99293CA4180056EB7E /* grpc-mock-ios-application.app */ = {isa = PBXFileReference; explicitFileType = wrapper.application; includeInIndex = 0; path = "grpc-mock-ios-application.app"; sourceTree = BUILT_PRODUCTS_DIR; };
		5AF4FA9C293CA4180056EB7E /* grpc_mock_ios_applicationApp.swift */ = {isa = PBXFileReference; lastKnownFileType = sourcecode.swift; path = grpc_mock_ios_applicationApp.swift; sourceTree = "<group>"; };
		5AF4FA9E293CA4180056EB7E /* ContentView.swift */ = {isa = PBXFileReference; lastKnownFileType = sourcecode.swift; path = ContentView.swift; sourceTree = "<group>"; };
		5AF4FAA0293CA41A0056EB7E /* Assets.xcassets */ = {isa = PBXFileReference; lastKnownFileType = folder.assetcatalog; path = Assets.xcassets; sourceTree = "<group>"; };
		5AF4FAA3293CA41A0056EB7E /* Preview Assets.xcassets */ = {isa = PBXFileReference; lastKnownFileType = folder.assetcatalog; path = "Preview Assets.xcassets"; sourceTree = "<group>"; };
		5AF4FAA5293CA41A0056EB7E /* Persistence.swift */ = {isa = PBXFileReference; lastKnownFileType = sourcecode.swift; path = Persistence.swift; sourceTree = "<group>"; };
		5AF4FAA8293CA41A0056EB7E /* grpc_mock_ios_application.xcdatamodel */ = {isa = PBXFileReference; lastKnownFileType = wrapper.xcdatamodel; path = grpc_mock_ios_application.xcdatamodel; sourceTree = "<group>"; };
		5AF4FAAE293CA41B0056EB7E /* grpc-mock-ios-applicationTests.xctest */ = {isa = PBXFileReference; explicitFileType = wrapper.cfbundle; includeInIndex = 0; path = "grpc-mock-ios-applicationTests.xctest"; sourceTree = BUILT_PRODUCTS_DIR; };
		5AF4FAB2293CA41B0056EB7E /* grpc_mock_ios_applicationTests.swift */ = {isa = PBXFileReference; lastKnownFileType = sourcecode.swift; path = grpc_mock_ios_applicationTests.swift; sourceTree = "<group>"; };
		5AF4FAB8293CA41B0056EB7E /* grpc-mock-ios-applicationUITests.xctest */ = {isa = PBXFileReference; explicitFileType = wrapper.cfbundle; includeInIndex = 0; path = "grpc-mock-ios-applicationUITests.xctest"; sourceTree = BUILT_PRODUCTS_DIR; };
		5AF4FABC293CA41B0056EB7E /* grpc_mock_ios_applicationUITests.swift */ = {isa = PBXFileReference; lastKnownFileType = sourcecode.swift; path = grpc_mock_ios_applicationUITests.swift; sourceTree = "<group>"; };
		5AF4FABE293CA41B0056EB7E /* grpc_mock_ios_applicationUITestsLaunchTests.swift */ = {isa = PBXFileReference; lastKnownFileType = sourcecode.swift; path = grpc_mock_ios_applicationUITestsLaunchTests.swift; sourceTree = "<group>"; };
/* End PBXFileReference section */

/* Begin PBXFrameworksBuildPhase section */
		5AF4FA96293CA4180056EB7E /* Frameworks */ = {
			isa = PBXFrameworksBuildPhase;
			buildActionMask = 2147483647;
			files = (
			);
			runOnlyForDeploymentPostprocessing = 0;
		};
		5AF4FAAB293CA41B0056EB7E /* Frameworks */ = {
			isa = PBXFrameworksBuildPhase;
			buildActionMask = 2147483647;
			files = (
			);
			runOnlyForDeploymentPostprocessing = 0;
		};
		5AF4FAB5293CA41B0056EB7E /* Frameworks */ = {
			isa = PBXFrameworksBuildPhase;
			buildActionMask = 2147483647;
			files = (
			);
			runOnlyForDeploymentPostprocessing = 0;
		};
/* End PBXFrameworksBuildPhase section */

/* Begin PBXGroup section */
		5AF4FA90293CA4180056EB7E = {
			isa = PBXGroup;
			children = (
				5AF4FA9B293CA4180056EB7E /* grpc-mock-ios-application */,
				5AF4FAB1293CA41B0056EB7E /* grpc-mock-ios-applicationTests */,
				5AF4FABB293CA41B0056EB7E /* grpc-mock-ios-applicationUITests */,
				5AF4FA9A293CA4180056EB7E /* Products */,
			);
			sourceTree = "<group>";
		};
		5AF4FA9A293CA4180056EB7E /* Products */ = {
			isa = PBXGroup;
			children = (
				5AF4FA99293CA4180056EB7E /* grpc-mock-ios-application.app */,
				5AF4FAAE293CA41B0056EB7E /* grpc-mock-ios-applicationTests.xctest */,
				5AF4FAB8293CA41B0056EB7E /* grpc-mock-ios-applicationUITests.xctest */,
			);
			name = Products;
			sourceTree = "<group>";
		};
		5AF4FA9B293CA4180056EB7E /* grpc-mock-ios-application */ = {
			isa = PBXGroup;
			children = (
				5AF4FA9C293CA4180056EB7E /* grpc_mock_ios_applicationApp.swift */,
				5AF4FA9E293CA4180056EB7E /* ContentView.swift */,
				5AF4FAA0293CA41A0056EB7E /* Assets.xcassets */,
				5AF4FAA5293CA41A0056EB7E /* Persistence.swift */,
				5AF4FAA7293CA41A0056EB7E /* grpc_mock_ios_application.xcdatamodeld */,
				5AF4FAA2293CA41A0056EB7E /* Preview Content */,
			);
			path = "grpc-mock-ios-application";
			sourceTree = "<group>";
		};
		5AF4FAA2293CA41A0056EB7E /* Preview Content */ = {
			isa = PBXGroup;
			children = (
				5AF4FAA3293CA41A0056EB7E /* Preview Assets.xcassets */,
			);
			path = "Preview Content";
			sourceTree = "<group>";
		};
		5AF4FAB1293CA41B0056EB7E /* grpc-mock-ios-applicationTests */ = {
			isa = PBXGroup;
			children = (
				5AF4FAB2293CA41B0056EB7E /* grpc_mock_ios_applicationTests.swift */,
			);
			path = "grpc-mock-ios-applicationTests";
			sourceTree = "<group>";
		};
		5AF4FABB293CA41B0056EB7E /* grpc-mock-ios-applicationUITests */ = {
			isa = PBXGroup;
			children = (
				5AF4FABC293CA41B0056EB7E /* grpc_mock_ios_applicationUITests.swift */,
				5AF4FABE293CA41B0056EB7E /* grpc_mock_ios_applicationUITestsLaunchTests.swift */,
			);
			path = "grpc-mock-ios-applicationUITests";
			sourceTree = "<group>";
		};
/* End PBXGroup section */

/* Begin PBXNativeTarget section */
		5AF4FA98293CA4180056EB7E /* grpc-mock-ios-application */ = {
			isa = PBXNativeTarget;
			buildConfigurationList = 5AF4FAC2293CA41B0056EB7E /* Build configuration list for PBXNativeTarget "grpc-mock-ios-application" */;
			buildPhases = (
				5AF4FA95293CA4180056EB7E /* Sources */,
				5AF4FA96293CA4180056EB7E /* Frameworks */,
				5AF4FA97293CA4180056EB7E /* Resources */,
			);
			buildRules = (
			);
			dependencies = (
			);
			name = "grpc-mock-ios-application";
			productName = "grpc-mock-ios-application";
			productReference = 5AF4FA99293CA4180056EB7E /* grpc-mock-ios-application.app */;
			productType = "com.apple.product-type.application";
		};
		5AF4FAAD293CA41B0056EB7E /* grpc-mock-ios-applicationTests */ = {
			isa = PBXNativeTarget;
			buildConfigurationList = 5AF4FAC5293CA41B0056EB7E /* Build configuration list for PBXNativeTarget "grpc-mock-ios-applicationTests" */;
			buildPhases = (
				5AF4FAAA293CA41B0056EB7E /* Sources */,
				5AF4FAAB293CA41B0056EB7E /* Frameworks */,
				5AF4FAAC293CA41B0056EB7E /* Resources */,
			);
			buildRules = (
			);
			dependencies = (
				5AF4FAB0293CA41B0056EB7E /* PBXTargetDependency */,
			);
			name = "grpc-mock-ios-applicationTests";
			productName = "grpc-mock-ios-applicationTests";
			productReference = 5AF4FAAE293CA41B0056EB7E /* grpc-mock-ios-applicationTests.xctest */;
			productType = "com.apple.product-type.bundle.unit-test";
		};
		5AF4FAB7293CA41B0056EB7E /* grpc-mock-ios-applicationUITests */ = {
			isa = PBXNativeTarget;
			buildConfigurationList = 5AF4FAC8293CA41B0056EB7E /* Build configuration list for PBXNativeTarget "grpc-mock-ios-applicationUITests" */;
			buildPhases = (
				5AF4FAB4293CA41B0056EB7E /* Sources */,
				5AF4FAB5293CA41B0056EB7E /* Frameworks */,
				5AF4FAB6293CA41B0056EB7E /* Resources */,
			);
			buildRules = (
			);
			dependencies = (
				5AF4FABA293CA41B0056EB7E /* PBXTargetDependency */,
			);
			name = "grpc-mock-ios-applicationUITests";
			productName = "grpc-mock-ios-applicationUITests";
			productReference = 5AF4FAB8293CA41B0056EB7E /* grpc-mock-ios-applicationUITests.xctest */;
			productType = "com.apple.product-type.bundle.ui-testing";
		};
/* End PBXNativeTarget section */

/* Begin PBXProject section */
		5AF4FA91293CA4180056EB7E /* Project object */ = {
			isa = PBXProject;
			attributes = {
				BuildIndependentTargetsInParallel = 1;
				LastSwiftUpdateCheck = 1330;
				LastUpgradeCheck = 1330;
				TargetAttributes = {
					5AF4FA98293CA4180056EB7E = {
						CreatedOnToolsVersion = 13.3.1;
					};
					5AF4FAAD293CA41B0056EB7E = {
						CreatedOnToolsVersion = 13.3.1;
						TestTargetID = 5AF4FA98293CA4180056EB7E;
					};
					5AF4FAB7293CA41B0056EB7E = {
						CreatedOnToolsVersion = 13.3.1;
						TestTargetID = 5AF4FA98293CA4180056EB7E;
					};
				};
			};
			buildConfigurationList = 5AF4FA94293CA4180056EB7E /* Build configuration list for PBXProject "grpc-mock-ios-application" */;
			compatibilityVersion = "Xcode 13.0";
			developmentRegion = en;
			hasScannedForEncodings = 0;
			knownRegions = (
				en,
				Base,
			);
			mainGroup = 5AF4FA90293CA4180056EB7E;
			productRefGroup = 5AF4FA9A293CA4180056EB7E /* Products */;
			projectDirPath = "";
			projectRoot = "";
			targets = (
				5AF4FA98293CA4180056EB7E /* grpc-mock-ios-application */,
				5AF4FAAD293CA41B0056EB7E /* grpc-mock-ios-applicationTests */,
				5AF4FAB7293CA41B0056EB7E /* grpc-mock-ios-applicationUITests */,
			);
		};
/* End PBXProject section */

/* Begin PBXResourcesBuildPhase section */
		5AF4FA97293CA4180056EB7E /* Resources */ = {
			isa = PBXResourcesBuildPhase;
			buildActionMask = 2147483647;
			files = (
				5AF4FAA4293CA41A0056EB7E /* Preview Assets.xcassets in Resources */,
				5AF4FAA1293CA41A0056EB7E /* Assets.xcassets in Resources */,
			);
			runOnlyForDeploymentPostprocessing = 0;
		};
		5AF4FAAC293CA41B0056EB7E /* Resources */ = {
			isa = PBXResourcesBuildPhase;
			buildActionMask = 2147483647;
			files = (
			);
			runOnlyForDeploymentPostprocessing = 0;
		};
		5AF4FAB6293CA41B0056EB7E /* Resources */ = {
			isa = PBXResourcesBuildPhase;
			buildActionMask = 2147483647;
			files = (
			);
			runOnlyForDeploymentPostprocessing = 0;
		};
/* End PBXResourcesBuildPhase section */

/* Begin PBXSourcesBuildPhase section */
		5AF4FA95293CA4180056EB7E /* Sources */ = {
			isa = PBXSourcesBuildPhase;
			buildActionMask = 2147483647;
			files = (
				5AF4FAA9293CA41A0056EB7E /* grpc_mock_ios_application.xcdatamodeld in Sources */,
				5AF4FAA6293CA41A0056EB7E /* Persistence.swift in Sources */,
				5AF4FA9F293CA4180056EB7E /* ContentView.swift in Sources */,
				5AF4FA9D293CA4180056EB7E /* grpc_mock_ios_applicationApp.swift in Sources */,
			);
			runOnlyForDeploymentPostprocessing = 0;
		};
		5AF4FAAA293CA41B0056EB7E /* Sources */ = {
			isa = PBXSourcesBuildPhase;
			buildActionMask = 2147483647;
			files = (
				5AF4FAB3293CA41B0056EB7E /* grpc_mock_ios_applicationTests.swift in Sources */,
			);
			runOnlyForDeploymentPostprocessing = 0;
		};
		5AF4FAB4293CA41B0056EB7E /* Sources */ = {
			isa = PBXSourcesBuildPhase;
			buildActionMask = 2147483647;
			files = (
				5AF4FABD293CA41B0056EB7E /* grpc_mock_ios_applicationUITests.swift in Sources */,
				5AF4FABF293CA41B0056EB7E /* grpc_mock_ios_applicationUITestsLaunchTests.swift in Sources */,
			);
			runOnlyForDeploymentPostprocessing = 0;
		};
/* End PBXSourcesBuildPhase section */

/* Begin PBXTargetDependency section */
		5AF4FAB0293CA41B0056EB7E /* PBXTargetDependency */ = {
			isa = PBXTargetDependency;
			target = 5AF4FA98293CA4180056EB7E /* grpc-mock-ios-application */;
			targetProxy = 5AF4FAAF293CA41B0056EB7E /* PBXContainerItemProxy */;
		};
		5AF4FABA293CA41B0056EB7E /* PBXTargetDependency */ = {
			isa = PBXTargetDependency;
			target = 5AF4FA98293CA4180056EB7E /* grpc-mock-ios-application */;
			targetProxy = 5AF4FAB9293CA41B0056EB7E /* PBXContainerItemProxy */;
		};
/* End PBXTargetDependency section */

/* Begin XCBuildConfiguration section */
		5AF4FAC0293CA41B0056EB7E /* Debug */ = {
			isa = XCBuildConfiguration;
			buildSettings = {
				ALWAYS_SEARCH_USER_PATHS = NO;
				CLANG_ANALYZER_NONNULL = YES;
				CLANG_ANALYZER_NUMBER_OBJECT_CONVERSION = YES_AGGRESSIVE;
				CLANG_CXX_LANGUAGE_STANDARD = "gnu++17";
				CLANG_ENABLE_MODULES = YES;
				CLANG_ENABLE_OBJC_ARC = YES;
				CLANG_ENABLE_OBJC_WEAK = YES;
				CLANG_WARN_BLOCK_CAPTURE_AUTORELEASING = YES;
				CLANG_WARN_BOOL_CONVERSION = YES;
				CLANG_WARN_COMMA = YES;
				CLANG_WARN_CONSTANT_CONVERSION = YES;
				CLANG_WARN_DEPRECATED_OBJC_IMPLEMENTATIONS = YES;
				CLANG_WARN_DIRECT_OBJC_ISA_USAGE = YES_ERROR;
				CLANG_WARN_DOCUMENTATION_COMMENTS = YES;
				CLANG_WARN_EMPTY_BODY = YES;
				CLANG_WARN_ENUM_CONVERSION = YES;
				CLANG_WARN_INFINITE_RECURSION = YES;
				CLANG_WARN_INT_CONVERSION = YES;
				CLANG_WARN_NON_LITERAL_NULL_CONVERSION = YES;
				CLANG_WARN_OBJC_IMPLICIT_RETAIN_SELF = YES;
				CLANG_WARN_OBJC_LITERAL_CONVERSION = YES;
				CLANG_WARN_OBJC_ROOT_CLASS = YES_ERROR;
				CLANG_WARN_QUOTED_INCLUDE_IN_FRAMEWORK_HEADER = YES;
				CLANG_WARN_RANGE_LOOP_ANALYSIS = YES;
				CLANG_WARN_STRICT_PROTOTYPES = YES;
				CLANG_WARN_SUSPICIOUS_MOVE = YES;
				CLANG_WARN_UNGUARDED_AVAILABILITY = YES_AGGRESSIVE;
				CLANG_WARN_UNREACHABLE_CODE = YES;
				CLANG_WARN__DUPLICATE_METHOD_MATCH = YES;
				COPY_PHASE_STRIP = NO;
				DEBUG_INFORMATION_FORMAT = dwarf;
				ENABLE_STRICT_OBJC_MSGSEND = YES;
				ENABLE_TESTABILITY = YES;
				GCC_C_LANGUAGE_STANDARD = gnu11;
				GCC_DYNAMIC_NO_PIC = NO;
				GCC_NO_COMMON_BLOCKS = YES;
				GCC_OPTIMIZATION_LEVEL = 0;
				GCC_PREPROCESSOR_DEFINITIONS = (
					"DEBUG=1",
					"$(inherited)",
				);
				GCC_WARN_64_TO_32_BIT_CONVERSION = YES;
				GCC_WARN_ABOUT_RETURN_TYPE = YES_ERROR;
				GCC_WARN_UNDECLARED_SELECTOR = YES;
				GCC_WARN_UNINITIALIZED_AUTOS = YES_AGGRESSIVE;
				GCC_WARN_UNUSED_FUNCTION = YES;
				GCC_WARN_UNUSED_VARIABLE = YES;
				IPHONEOS_DEPLOYMENT_TARGET = 15.4;
				MTL_ENABLE_DEBUG_INFO = INCLUDE_SOURCE;
				MTL_FAST_MATH = YES;
				ONLY_ACTIVE_ARCH = YES;
				SDKROOT = iphoneos;
				SWIFT_ACTIVE_COMPILATION_CONDITIONS = DEBUG;
				SWIFT_OPTIMIZATION_LEVEL = "-Onone";
			};
			name = Debug;
		};
		5AF4FAC1293CA41B0056EB7E /* Release */ = {
			isa = XCBuildConfiguration;
			buildSettings = {
				ALWAYS_SEARCH_USER_PATHS = NO;
				CLANG_ANALYZER_NONNULL = YES;
				CLANG_ANALYZER_NUMBER_OBJECT_CONVERSION = YES_AGGRESSIVE;
				CLANG_CXX_LANGUAGE_STANDARD = "gnu++17";
				CLANG_ENABLE_MODULES = YES;
				CLANG_ENABLE_OBJC_ARC = YES;
				CLANG_ENABLE_OBJC_WEAK = YES;
				CLANG_WARN_BLOCK_CAPTURE_AUTORELEASING = YES;
				CLANG_WARN_BOOL_CONVERSION = YES;
				CLANG_WARN_COMMA = YES;
				CLANG_WARN_CONSTANT_CONVERSION = YES;
				CLANG_WARN_DEPRECATED_OBJC_IMPLEMENTATIONS = YES;
				CLANG_WARN_DIRECT_OBJC_ISA_USAGE = YES_ERROR;
				CLANG_WARN_DOCUMENTATION_COMMENTS = YES;
				CLANG_WARN_EMPTY_BODY = YES;
				CLANG_WARN_ENUM_CONVERSION = YES;
				CLANG_WARN_INFINITE_RECURSION = YES;
				CLANG_WARN_INT_CONVERSION = YES;
				CLANG_WARN_NON_LITERAL_NULL_CONVERSION = YES;
				CLANG_WARN_OBJC_IMPLICIT_RETAIN_SELF = YES;
				CLANG_WARN_OBJC_LITERAL_CONVERSION = YES;
				CLANG_WARN_OBJC_ROOT_CLASS = YES_ERROR;
				CLANG_WARN_QUOTED_INCLUDE_IN_FRAMEWORK_HEADER = YES;
				CLANG_WARN_RANGE_LOOP_ANALYSIS = YES;
				CLANG_WARN_STRICT_PROTOTYPES = YES;
				CLANG_WARN_SUSPICIOUS_MOVE = YES;
				CLANG_WARN_UNGUARDED_AVAILABILITY = YES_AGGRESSIVE;
				CLANG_WARN_UNREACHABLE_CODE = YES;
				CLANG_WARN__DUPLICATE_METHOD_MATCH = YES;
				COPY_PHASE_STRIP = NO;
				DEBUG_INFORMATION_FORMAT = "dwarf-with-dsym";
				ENABLE_NS_ASSERTIONS = NO;
				ENABLE_STRICT_OBJC_MSGSEND = YES;
				GCC_C_LANGUAGE_STANDARD = gnu11;
				GCC_NO_COMMON_BLOCKS = YES;
				GCC_WARN_64_TO_32_BIT_CONVERSION = YES;
				GCC_WARN_ABOUT_RETURN_TYPE = YES_ERROR;
				GCC_WARN_UNDECLARED_SELECTOR = YES;
				GCC_WARN_UNINITIALIZED_AUTOS = YES_AGGRESSIVE;
				GCC_WARN_UNUSED_FUNCTION = YES;
				GCC_WARN_UNUSED_VARIABLE = YES;
				IPHONEOS_DEPLOYMENT_TARGET = 15.4;
				MTL_ENABLE_DEBUG_INFO = NO;
				MTL_FAST_MATH = YES;
				SDKROOT = iphoneos;
				SWIFT_COMPILATION_MODE = wholemodule;
				SWIFT_OPTIMIZATION_LEVEL = "-O";
				VALIDATE_PRODUCT = YES;
			};
			name = Release;
		};
		5AF4FAC3293CA41B0056EB7E /* Debug */ = {
			isa = XCBuildConfiguration;
			buildSettings = {
				ASSETCATALOG_COMPILER_APPICON_NAME = AppIcon;
				ASSETCATALOG_COMPILER_GLOBAL_ACCENT_COLOR_NAME = AccentColor;
				CODE_SIGN_STYLE = Automatic;
				CURRENT_PROJECT_VERSION = 1;
				DEVELOPMENT_ASSET_PATHS = "\"grpc-mock-ios-application/Preview Content\"";
				ENABLE_PREVIEWS = YES;
				GENERATE_INFOPLIST_FILE = YES;
				INFOPLIST_KEY_UIApplicationSceneManifest_Generation = YES;
				INFOPLIST_KEY_UIApplicationSupportsIndirectInputEvents = YES;
				INFOPLIST_KEY_UILaunchScreen_Generation = YES;
				INFOPLIST_KEY_UISupportedInterfaceOrientations_iPad = "UIInterfaceOrientationPortrait UIInterfaceOrientationPortraitUpsideDown UIInterfaceOrientationLandscapeLeft UIInterfaceOrientationLandscapeRight";
				INFOPLIST_KEY_UISupportedInterfaceOrientations_iPhone = "UIInterfaceOrientationPortrait UIInterfaceOrientationLandscapeLeft UIInterfaceOrientationLandscapeRight";
				LD_RUNPATH_SEARCH_PATHS = (
					"$(inherited)",
					"@executable_path/Frameworks",
				);
				MARKETING_VERSION = 1.0;
				PRODUCT_BUNDLE_IDENTIFIER = "grpc-mock.grpc-mock-ios-application";
				PRODUCT_NAME = "$(TARGET_NAME)";
				SWIFT_EMIT_LOC_STRINGS = YES;
				SWIFT_VERSION = 5.0;
				TARGETED_DEVICE_FAMILY = "1,2";
			};
			name = Debug;
		};
		5AF4FAC4293CA41B0056EB7E /* Release */ = {
			isa = XCBuildConfiguration;
			buildSettings = {
				ASSETCATALOG_COMPILER_APPICON_NAME = AppIcon;
				ASSETCATALOG_COMPILER_GLOBAL_ACCENT_COLOR_NAME = AccentColor;
				CODE_SIGN_STYLE = Automatic;
				CURRENT_PROJECT_VERSION = 1;
				DEVELOPMENT_ASSET_PATHS = "\"grpc-mock-ios-application/Preview Content\"";
				ENABLE_PREVIEWS = YES;
				GENERATE_INFOPLIST_FILE = YES;
				INFOPLIST_KEY_UIApplicationSceneManifest_Generation = YES;
				INFOPLIST_KEY_UIApplicationSupportsIndirectInputEvents = YES;
				INFOPLIST_KEY_UILaunchScreen_Generation = YES;
				INFOPLIST_KEY_UISupportedInterfaceOrientations_iPad = "UIInterfaceOrientationPortrait UIInterfaceOrientationPortraitUpsideDown UIInterfaceOrientationLandscapeLeft UIInterfaceOrientationLandscapeRight";
				INFOPLIST_KEY_UISupportedInterfaceOrientations_iPhone = "UIInterfaceOrientationPortrait UIInterfaceOrientationLandscapeLeft UIInterfaceOrientationLandscapeRight";
				LD_RUNPATH_SEARCH_PATHS = (
					"$(inherited)",
					"@executable_path/Frameworks",
				);
				MARKETING_VERSION = 1.0;
				PRODUCT_BUNDLE_IDENTIFIER = "grpc-mock.grpc-mock-ios-application";
				PRODUCT_NAME = "$(TARGET_NAME)";
				SWIFT_EMIT_LOC_STRINGS = YES;
				SWIFT_VERSION = 5.0;
				TARGETED_DEVICE_FAMILY = "1,2";
			};
			name = Release;
		};
		5AF4FAC6293CA41B0056EB7E /* Debug */ = {
			isa = XCBuildConfiguration;
			buildSettings = {
				ALWAYS_EMBED_SWIFT_STANDARD_LIBRARIES = YES;
				BUNDLE_LOADER = "$(TEST_HOST)";
				CODE_SIGN_STYLE = Automatic;
				CURRENT_PROJECT_VERSION = 1;
				GENERATE_INFOPLIST_FILE = YES;
				IPHONEOS_DEPLOYMENT_TARGET = 15.4;
				MARKETING_VERSION = 1.0;
				PRODUCT_BUNDLE_IDENTIFIER = "grpc-mock.grpc-mock-ios-applicationTests";
				PRODUCT_NAME = "$(TARGET_NAME)";
				SWIFT_EMIT_LOC_STRINGS = NO;
				SWIFT_VERSION = 5.0;
				TARGETED_DEVICE_FAMILY = "1,2";
				TEST_HOST = "$(BUILT_PRODUCTS_DIR)/grpc-mock-ios-application.app/grpc-mock-ios-application";
			};
			name = Debug;
		};
		5AF4FAC7293CA41B0056EB7E /* Release */ = {
			isa = XCBuildConfiguration;
			buildSettings = {
				ALWAYS_EMBED_SWIFT_STANDARD_LIBRARIES = YES;
				BUNDLE_LOADER = "$(TEST_HOST)";
				CODE_SIGN_STYLE = Automatic;
				CURRENT_PROJECT_VERSION = 1;
				GENERATE_INFOPLIST_FILE = YES;
				IPHONEOS_DEPLOYMENT_TARGET = 15.4;
				MARKETING_VERSION = 1.0;
				PRODUCT_BUNDLE_IDENTIFIER = "grpc-mock.grpc-mock-ios-applicationTests";
				PRODUCT_NAME = "$(TARGET_NAME)";
				SWIFT_EMIT_LOC_STRINGS = NO;
				SWIFT_VERSION = 5.0;
				TARGETED_DEVICE_FAMILY = "1,2";
				TEST_HOST = "$(BUILT_PRODUCTS_DIR)/grpc-mock-ios-application.app/grpc-mock-ios-application";
			};
			name = Release;
		};
		5AF4FAC9293CA41B0056EB7E /* Debug */ = {
			isa = XCBuildConfiguration;
			buildSettings = {
				ALWAYS_EMBED_SWIFT_STANDARD_LIBRARIES = YES;
				CODE_SIGN_STYLE = Automatic;
				CURRENT_PROJECT_VERSION = 1;
				GENERATE_INFOPLIST_FILE = YES;
				MARKETING_VERSION = 1.0;
				PRODUCT_BUNDLE_IDENTIFIER = "grpc-mock.grpc-mock-ios-applicationUITests";
				PRODUCT_NAME = "$(TARGET_NAME)";
				SWIFT_EMIT_LOC_STRINGS = NO;
				SWIFT_VERSION = 5.0;
				TARGETED_DEVICE_FAMILY = "1,2";
				TEST_TARGET_NAME = "grpc-mock-ios-application";
			};
			name = Debug;
		};
		5AF4FACA293CA41B0056EB7E /* Release */ = {
			isa = XCBuildConfiguration;
			buildSettings = {
				ALWAYS_EMBED_SWIFT_STANDARD_LIBRARIES = YES;
				CODE_SIGN_STYLE = Automatic;
				CURRENT_PROJECT_VERSION = 1;
				GENERATE_INFOPLIST_FILE = YES;
				MARKETING_VERSION = 1.0;
				PRODUCT_BUNDLE_IDENTIFIER = "grpc-mock.grpc-mock-ios-applicationUITests";
				PRODUCT_NAME = "$(TARGET_NAME)";
				SWIFT_EMIT_LOC_STRINGS = NO;
				SWIFT_VERSION = 5.0;
				TARGETED_DEVICE_FAMILY = "1,2";
				TEST_TARGET_NAME = "grpc-mock-ios-application";
			};
			name = Release;
		};
/* End XCBuildConfiguration section */

/* Begin XCConfigurationList section */
		5AF4FA94293CA4180056EB7E /* Build configuration list for PBXProject "grpc-mock-ios-application" */ = {
			isa = XCConfigurationList;
			buildConfigurations = (
				5AF4FAC0293CA41B0056EB7E /* Debug */,
				5AF4FAC1293CA41B0056EB7E /* Release */,
			);
			defaultConfigurationIsVisible = 0;
			defaultConfigurationName = Release;
		};
		5AF4FAC2293CA41B0056EB7E /* Build configuration list for PBXNativeTarget "grpc-mock-ios-application" */ = {
			isa = XCConfigurationList;
			buildConfigurations = (
				5AF4FAC3293CA41B0056EB7E /* Debug */,
				5AF4FAC4293CA41B0056EB7E /* Release */,
			);
			defaultConfigurationIsVisible = 0;
			defaultConfigurationName = Release;
		};
		5AF4FAC5293CA41B0056EB7E /* Build configuration list for PBXNativeTarget "grpc-mock-ios-applicationTests" */ = {
			isa = XCConfigurationList;
			buildConfigurations = (
				5AF4FAC6293CA41B0056EB7E /* Debug */,
				5AF4FAC7293CA41B0056EB7E /* Release */,
			);
			defaultConfigurationIsVisible = 0;
			defaultConfigurationName = Release;
		};
		5AF4FAC8293CA41B0056EB7E /* Build configuration list for PBXNativeTarget "grpc-mock-ios-applicationUITests" */ = {
			isa = XCConfigurationList;
			buildConfigurations = (
				5AF4FAC9293CA41B0056EB7E /* Debug */,
				5AF4FACA293CA41B0056EB7E /* Release */,
			);
			defaultConfigurationIsVisible = 0;
			defaultConfigurationName = Release;
		};
/* End XCConfigurationList section */

/* Begin XCVersionGroup section */
		5AF4FAA7293CA41A0056EB7E /* grpc_mock_ios_application.xcdatamodeld */ = {
			isa = XCVersionGroup;
			children = (
				5AF4FAA8293CA41A0056EB7E /* grpc_mock_ios_application.xcdatamodel */,
			);
			currentVersion = 5AF4FAA8293CA41A0056EB7E /* grpc_mock_ios_application.xcdatamodel */;
			path = grpc_mock_ios_application.xcdatamodeld;
			sourceTree = "<group>";
			versionGroupType = wrapper.xcdatamodel;
		};
/* End XCVersionGroup section */
	};
	rootObject = 5AF4FA91293CA4180056EB7E /* Project object */;
}
